
Microsoft Visual Studio Solution File, Format Version 12.00
# Visual Studio Version 17
VisualStudioVersion = 17.14.36310.24 d17.14
MinimumVisualStudioVersion = 10.0.40219.1
Project("{FAE04EC0-301F-11D3-BF4B-00C04F79EFBC}") = "HotelManagment", "HotelManagment\HotelManagment.csproj", "{4D1090F3-E849-4E72-B00A-A6F95AF84BD6}"
EndProject
Global
	GlobalSection(SolutionConfigurationPlatforms) = preSolution
		Debug|Any CPU = Debug|Any CPU
		Release|Any CPU = Release|Any CPU
	EndGlobalSection
	GlobalSection(ProjectConfigurationPlatforms) = postSolution
		{4D1090F3-E849-4E72-B00A-A6F95AF84BD6}.Debug|Any CPU.ActiveCfg = Debug|Any CPU
		{4D1090F3-E849-4E72-B00A-A6F95AF84BD6}.Debug|Any CPU.Build.0 = Debug|Any CPU
		{4D1090F3-E849-4E72-B00A-A6F95AF84BD6}.Release|Any CPU.ActiveCfg = Release|Any CPU
		{4D1090F3-E849-4E72-B00A-A6F95AF84BD6}.Release|Any CPU.Build.0 = Release|Any CPU
	EndGlobalSection
	GlobalSection(SolutionProperties) = preSolution
		HideSolutionNode = FALSE
	EndGlobalSection
	GlobalSection(ExtensibilityGlobals) = postSolution
		SolutionGuid = {C696A33A-275B-4513-B439-C450B5BEE5F9}
	EndGlobalSection
EndGlobal
